// !$*UTF8*$!
{
	archiveVersion = 1;
	classes = {
	};
	objectVersion = 46;
	objects = {

/* Begin PBXBuildFile section */
		0500F15A1BC57F9F00BBF94C /* main.m in Sources */ = {isa = PBXBuildFile; fileRef = 0500F1591BC57F9F00BBF94C /* main.m */; };
		0500F1631BC57F9F00BBF94C /* Main.storyboard in Resources */ = {isa = PBXBuildFile; fileRef = 0500F1611BC57F9F00BBF94C /* Main.storyboard */; };
		0500F1651BC57F9F00BBF94C /* Assets.xcassets in Resources */ = {isa = PBXBuildFile; fileRef = 0500F1641BC57F9F00BBF94C /* Assets.xcassets */; };
		0500F1731BC57F9F00BBF94C /* MusicPlayerDemoTests.m in Sources */ = {isa = PBXBuildFile; fileRef = 0500F1721BC57F9F00BBF94C /* MusicPlayerDemoTests.m */; };
		0500F17E1BC57F9F00BBF94C /* MusicPlayerDemoUITests.m in Sources */ = {isa = PBXBuildFile; fileRef = 0500F17D1BC57F9F00BBF94C /* MusicPlayerDemoUITests.m */; };
		0500F1D61BC5817600BBF94C /* bb@2x.jpg in Resources */ = {isa = PBXBuildFile; fileRef = 0500F1AF1BC5817600BBF94C /* bb@2x.jpg */; settings = {ASSET_TAGS = (); }; };
		0500F1D71BC5817600BBF94C /* bb_icon@2x.jpg in Resources */ = {isa = PBXBuildFile; fileRef = 0500F1B01BC5817600BBF94C /* bb_icon@2x.jpg */; settings = {ASSET_TAGS = (); }; };
		0500F1D81BC5817600BBF94C /* dzq@2x.jpg in Resources */ = {isa = PBXBuildFile; fileRef = 0500F1B11BC5817600BBF94C /* dzq@2x.jpg */; settings = {ASSET_TAGS = (); }; };
		0500F1D91BC5817600BBF94C /* dzq_icon@2x.jpg in Resources */ = {isa = PBXBuildFile; fileRef = 0500F1B21BC5817600BBF94C /* dzq_icon@2x.jpg */; settings = {ASSET_TAGS = (); }; };
		0500F1DA1BC5817600BBF94C /* eason@2x.jpg in Resources */ = {isa = PBXBuildFile; fileRef = 0500F1B31BC5817600BBF94C /* eason@2x.jpg */; settings = {ASSET_TAGS = (); }; };
		0500F1DB1BC5817600BBF94C /* eason_icon@2x.jpg in Resources */ = {isa = PBXBuildFile; fileRef = 0500F1B41BC5817600BBF94C /* eason_icon@2x.jpg */; settings = {ASSET_TAGS = (); }; };
		0500F1DC1BC5817600BBF94C /* jay@2x.jpg in Resources */ = {isa = PBXBuildFile; fileRef = 0500F1B51BC5817600BBF94C /* jay@2x.jpg */; settings = {ASSET_TAGS = (); }; };
		0500F1DD1BC5817600BBF94C /* jay_icon@2x.png in Resources */ = {isa = PBXBuildFile; fileRef = 0500F1B61BC5817600BBF94C /* jay_icon@2x.png */; settings = {ASSET_TAGS = (); }; };
		0500F1DE1BC5817600BBF94C /* jj@2x.jpg in Resources */ = {isa = PBXBuildFile; fileRef = 0500F1B71BC5817600BBF94C /* jj@2x.jpg */; settings = {ASSET_TAGS = (); }; };
		0500F1DF1BC5817600BBF94C /* jj_icon@2x.png in Resources */ = {isa = PBXBuildFile; fileRef = 0500F1B81BC5817600BBF94C /* jj_icon@2x.png */; settings = {ASSET_TAGS = (); }; };
		0500F1E01BC5817600BBF94C /* kzxd@2x.jpg in Resources */ = {isa = PBXBuildFile; fileRef = 0500F1B91BC5817600BBF94C /* kzxd@2x.jpg */; settings = {ASSET_TAGS = (); }; };
		0500F1E11BC5817600BBF94C /* kzxd_icon@2x.jpg in Resources */ = {isa = PBXBuildFile; fileRef = 0500F1BA1BC5817600BBF94C /* kzxd_icon@2x.jpg */; settings = {ASSET_TAGS = (); }; };
		0500F1E21BC5817600BBF94C /* nanquan@2x.jpg in Resources */ = {isa = PBXBuildFile; fileRef = 0500F1BB1BC5817600BBF94C /* nanquan@2x.jpg */; settings = {ASSET_TAGS = (); }; };
		0500F1E31BC5817600BBF94C /* nanquan_icon@2x.jpg in Resources */ = {isa = PBXBuildFile; fileRef = 0500F1BC1BC5817600BBF94C /* nanquan_icon@2x.jpg */; settings = {ASSET_TAGS = (); }; };
		0500F1E41BC5817600BBF94C /* wf@2x.jpg in Resources */ = {isa = PBXBuildFile; fileRef = 0500F1BD1BC5817600BBF94C /* wf@2x.jpg */; settings = {ASSET_TAGS = (); }; };
		0500F1E51BC5817600BBF94C /* wf_icon@2x.jpg in Resources */ = {isa = PBXBuildFile; fileRef = 0500F1BE1BC5817600BBF94C /* wf_icon@2x.jpg */; settings = {ASSET_TAGS = (); }; };
		0500F1E61BC5817600BBF94C /* zxy@2x.jpg in Resources */ = {isa = PBXBuildFile; fileRef = 0500F1BF1BC5817600BBF94C /* zxy@2x.jpg */; settings = {ASSET_TAGS = (); }; };
		0500F1E71BC5817600BBF94C /* zxy_icon@2x.jpg in Resources */ = {isa = PBXBuildFile; fileRef = 0500F1C01BC5817600BBF94C /* zxy_icon@2x.jpg */; settings = {ASSET_TAGS = (); }; };
		0500F1FA1BC5817600BBF94C /* Musics.plist in Resources */ = {isa = PBXBuildFile; fileRef = 0500F1D51BC5817600BBF94C /* Musics.plist */; settings = {ASSET_TAGS = (); }; };
		0500F2091BC5835300BBF94C /* AppDelegate.m in Sources */ = {isa = PBXBuildFile; fileRef = 0500F2011BC5835300BBF94C /* AppDelegate.m */; settings = {ASSET_TAGS = (); }; };
		0500F20A1BC5835300BBF94C /* JKRMusicViewController.m in Sources */ = {isa = PBXBuildFile; fileRef = 0500F2041BC5835300BBF94C /* JKRMusicViewController.m */; settings = {ASSET_TAGS = (); }; };
		0500F20D1BC5838B00BBF94C /* JKRMusic.m in Sources */ = {isa = PBXBuildFile; fileRef = 0500F20C1BC5838B00BBF94C /* JKRMusic.m */; settings = {ASSET_TAGS = (); }; };
		0500F21E1BC5842300BBF94C /* MJConst.m in Sources */ = {isa = PBXBuildFile; fileRef = 0500F2101BC5842300BBF94C /* MJConst.m */; settings = {ASSET_TAGS = (); }; };
		0500F21F1BC5842300BBF94C /* MJFoundation.m in Sources */ = {isa = PBXBuildFile; fileRef = 0500F2131BC5842300BBF94C /* MJFoundation.m */; settings = {ASSET_TAGS = (); }; };
		0500F2201BC5842300BBF94C /* MJIvar.m in Sources */ = {isa = PBXBuildFile; fileRef = 0500F2151BC5842300BBF94C /* MJIvar.m */; settings = {ASSET_TAGS = (); }; };
		0500F2211BC5842300BBF94C /* MJType.m in Sources */ = {isa = PBXBuildFile; fileRef = 0500F2171BC5842300BBF94C /* MJType.m */; settings = {ASSET_TAGS = (); }; };
		0500F2221BC5842300BBF94C /* NSObject+MJCoding.m in Sources */ = {isa = PBXBuildFile; fileRef = 0500F2191BC5842300BBF94C /* NSObject+MJCoding.m */; settings = {ASSET_TAGS = (); }; };
		0500F2231BC5842300BBF94C /* NSObject+MJIvar.m in Sources */ = {isa = PBXBuildFile; fileRef = 0500F21B1BC5842300BBF94C /* NSObject+MJIvar.m */; settings = {ASSET_TAGS = (); }; };
		0500F2241BC5842300BBF94C /* NSObject+MJKeyValue.m in Sources */ = {isa = PBXBuildFile; fileRef = 0500F21D1BC5842300BBF94C /* NSObject+MJKeyValue.m */; settings = {ASSET_TAGS = (); }; };
		0500F2271BC63E6D00BBF94C /* UIImage+Tool.m in Sources */ = {isa = PBXBuildFile; fileRef = 0500F2261BC63E6D00BBF94C /* UIImage+Tool.m */; settings = {ASSET_TAGS = (); }; };
		0500F22B1BC6445200BBF94C /* JKRMusicsTool.m in Sources */ = {isa = PBXBuildFile; fileRef = 0500F22A1BC6445200BBF94C /* JKRMusicsTool.m */; settings = {ASSET_TAGS = (); }; };
		0500F22F1BC646D300BBF94C /* JKRPlayingViewController.m in Sources */ = {isa = PBXBuildFile; fileRef = 0500F22D1BC646D300BBF94C /* JKRPlayingViewController.m */; settings = {ASSET_TAGS = (); }; };
		0500F2301BC646D300BBF94C /* JKRPlayingViewController.xib in Resources */ = {isa = PBXBuildFile; fileRef = 0500F22E1BC646D300BBF94C /* JKRPlayingViewController.xib */; settings = {ASSET_TAGS = (); }; };
		0500F2331BC647D000BBF94C /* UIView+Extension.m in Sources */ = {isa = PBXBuildFile; fileRef = 0500F2321BC647D000BBF94C /* UIView+Extension.m */; settings = {ASSET_TAGS = (); }; };
		0500F2361BC6496500BBF94C /* JKRMusicTool.m in Sources */ = {isa = PBXBuildFile; fileRef = 0500F2351BC6496500BBF94C /* JKRMusicTool.m */; settings = {ASSET_TAGS = (); }; };
		052B0E641BC8C144005E8E4E /* DXSemiTableViewController.m in Sources */ = {isa = PBXBuildFile; fileRef = 052B0E5F1BC8C144005E8E4E /* DXSemiTableViewController.m */; settings = {ASSET_TAGS = (); }; };
		052B0E651BC8C144005E8E4E /* DXSemiViewController.m in Sources */ = {isa = PBXBuildFile; fileRef = 052B0E611BC8C144005E8E4E /* DXSemiViewController.m */; settings = {ASSET_TAGS = (); }; };
		052B0E661BC8C144005E8E4E /* DXSemiViewControllerCategory.m in Sources */ = {isa = PBXBuildFile; fileRef = 052B0E631BC8C144005E8E4E /* DXSemiViewControllerCategory.m */; settings = {ASSET_TAGS = (); }; };
		052B0E691BC8C15C005E8E4E /* JKRMusicMenuViewController.m in Sources */ = {isa = PBXBuildFile; fileRef = 052B0E681BC8C15C005E8E4E /* JKRMusicMenuViewController.m */; settings = {ASSET_TAGS = (); }; };
		052B0E6B1BC8C1B1005E8E4E /* menu.png in Resources */ = {isa = PBXBuildFile; fileRef = 052B0E6A1BC8C1B1005E8E4E /* menu.png */; settings = {ASSET_TAGS = (); }; };
		052B0E8B1BC968EA005E8E4E /* 10405520.lrc in Resources */ = {isa = PBXBuildFile; fileRef = 052B0E751BC968EA005E8E4E /* 10405520.lrc */; settings = {ASSET_TAGS = (); }; };
		052B0E8C1BC968EA005E8E4E /* 10736444.lrc in Resources */ = {isa = PBXBuildFile; fileRef = 052B0E761BC968EA005E8E4E /* 10736444.lrc */; settings = {ASSET_TAGS = (); }; };
		052B0E8D1BC968EA005E8E4E /* 120125029.lrc in Resources */ = {isa = PBXBuildFile; fileRef = 052B0E771BC968EA005E8E4E /* 120125029.lrc */; settings = {ASSET_TAGS = (); }; };
		052B0E8E1BC968EA005E8E4E /* 12309111.lrc in Resources */ = {isa = PBXBuildFile; fileRef = 052B0E781BC968EA005E8E4E /* 12309111.lrc */; settings = {ASSET_TAGS = (); }; };
		052B0E8F1BC968EA005E8E4E /* 14945107.lrc in Resources */ = {isa = PBXBuildFile; fileRef = 052B0E791BC968EA005E8E4E /* 14945107.lrc */; settings = {ASSET_TAGS = (); }; };
		052B0E901BC968EA005E8E4E /* 235319.lrc in Resources */ = {isa = PBXBuildFile; fileRef = 052B0E7A1BC968EA005E8E4E /* 235319.lrc */; settings = {ASSET_TAGS = (); }; };
		052B0E911BC968EA005E8E4E /* 255319.lrc in Resources */ = {isa = PBXBuildFile; fileRef = 052B0E7B1BC968EA005E8E4E /* 255319.lrc */; settings = {ASSET_TAGS = (); }; };
		052B0E921BC968EA005E8E4E /* 309769.lrc in Resources */ = {isa = PBXBuildFile; fileRef = 052B0E7C1BC968EA005E8E4E /* 309769.lrc */; settings = {ASSET_TAGS = (); }; };
		052B0E931BC968EA005E8E4E /* 339744.lrc in Resources */ = {isa = PBXBuildFile; fileRef = 052B0E7D1BC968EA005E8E4E /* 339744.lrc */; settings = {ASSET_TAGS = (); }; };
		052B0E941BC968EA005E8E4E /* 梁静茹-偶阵雨.lrc in Resources */ = {isa = PBXBuildFile; fileRef = 052B0E7E1BC968EA005E8E4E /* 梁静茹-偶阵雨.lrc */; settings = {ASSET_TAGS = (); }; };
		052B0E951BC968EA005E8E4E /* 10405520.mp3 in Resources */ = {isa = PBXBuildFile; fileRef = 052B0E801BC968EA005E8E4E /* 10405520.mp3 */; settings = {ASSET_TAGS = (); }; };
		052B0E961BC968EA005E8E4E /* 10736444.mp3 in Resources */ = {isa = PBXBuildFile; fileRef = 052B0E811BC968EA005E8E4E /* 10736444.mp3 */; settings = {ASSET_TAGS = (); }; };
		052B0E971BC968EA005E8E4E /* 120125029.mp3 in Resources */ = {isa = PBXBuildFile; fileRef = 052B0E821BC968EA005E8E4E /* 120125029.mp3 */; settings = {ASSET_TAGS = (); }; };
		052B0E981BC968EA005E8E4E /* 12309111.mp3 in Resources */ = {isa = PBXBuildFile; fileRef = 052B0E831BC968EA005E8E4E /* 12309111.mp3 */; settings = {ASSET_TAGS = (); }; };
		052B0E991BC968EA005E8E4E /* 14945107.mp3 in Resources */ = {isa = PBXBuildFile; fileRef = 052B0E841BC968EA005E8E4E /* 14945107.mp3 */; settings = {ASSET_TAGS = (); }; };
		052B0E9A1BC968EA005E8E4E /* 235319.mp3 in Resources */ = {isa = PBXBuildFile; fileRef = 052B0E851BC968EA005E8E4E /* 235319.mp3 */; settings = {ASSET_TAGS = (); }; };
		052B0E9B1BC968EA005E8E4E /* 255319.mp3 in Resources */ = {isa = PBXBuildFile; fileRef = 052B0E861BC968EA005E8E4E /* 255319.mp3 */; settings = {ASSET_TAGS = (); }; };
		052B0E9C1BC968EA005E8E4E /* 309769.mp3 in Resources */ = {isa = PBXBuildFile; fileRef = 052B0E871BC968EA005E8E4E /* 309769.mp3 */; settings = {ASSET_TAGS = (); }; };
		052B0E9D1BC968EA005E8E4E /* 339744.mp3 in Resources */ = {isa = PBXBuildFile; fileRef = 052B0E881BC968EA005E8E4E /* 339744.mp3 */; settings = {ASSET_TAGS = (); }; };
		052B0E9E1BC968EA005E8E4E /* 南拳妈妈-下雨天.mp3 in Resources */ = {isa = PBXBuildFile; fileRef = 052B0E891BC968EA005E8E4E /* 南拳妈妈-下雨天.mp3 */; settings = {ASSET_TAGS = (); }; };
		052B0E9F1BC968EA005E8E4E /* 梁静茹-偶阵雨.mp3 in Resources */ = {isa = PBXBuildFile; fileRef = 052B0E8A1BC968EA005E8E4E /* 梁静茹-偶阵雨.mp3 */; settings = {ASSET_TAGS = (); }; };
		0583E4D51BC764C000A1C559 /* JKRLrcView.m in Sources */ = {isa = PBXBuildFile; fileRef = 0583E4D41BC764C000A1C559 /* JKRLrcView.m */; settings = {ASSET_TAGS = (); }; };
		0583E4D91BC770E900A1C559 /* JKRLrcView.xib in Resources */ = {isa = PBXBuildFile; fileRef = 0583E4D81BC770E900A1C559 /* JKRLrcView.xib */; settings = {ASSET_TAGS = (); }; };
/* End PBXBuildFile section */

/* Begin PBXContainerItemProxy section */
		0500F16F1BC57F9F00BBF94C /* PBXContainerItemProxy */ = {
			isa = PBXContainerItemProxy;
			containerPortal = 0500F14D1BC57F9F00BBF94C /* Project object */;
			proxyType = 1;
			remoteGlobalIDString = 0500F1541BC57F9F00BBF94C;
			remoteInfo = MusicPlayerDemo;
		};
		0500F17A1BC57F9F00BBF94C /* PBXContainerItemProxy */ = {
			isa = PBXContainerItemProxy;
			containerPortal = 0500F14D1BC57F9F00BBF94C /* Project object */;
			proxyType = 1;
			remoteGlobalIDString = 0500F1541BC57F9F00BBF94C;
			remoteInfo = MusicPlayerDemo;
		};
/* End PBXContainerItemProxy section */

/* Begin PBXFileReference section */
		0500F1551BC57F9F00BBF94C /* MusicPlayerDemo.app */ = {isa = PBXFileReference; explicitFileType = wrapper.application; includeInIndex = 0; path = MusicPlayerDemo.app; sourceTree = BUILT_PRODUCTS_DIR; };
		0500F1591BC57F9F00BBF94C /* main.m */ = {isa = PBXFileReference; lastKnownFileType = sourcecode.c.objc; path = main.m; sourceTree = "<group>"; };
		0500F1621BC57F9F00BBF94C /* Base */ = {isa = PBXFileReference; lastKnownFileType = file.storyboard; name = Base; path = Base.lproj/Main.storyboard; sourceTree = "<group>"; };
		0500F1641BC57F9F00BBF94C /* Assets.xcassets */ = {isa = PBXFileReference; lastKnownFileType = folder.assetcatalog; path = Assets.xcassets; sourceTree = "<group>"; };
		0500F1691BC57F9F00BBF94C /* Info.plist */ = {isa = PBXFileReference; lastKnownFileType = text.plist.xml; path = Info.plist; sourceTree = "<group>"; };
		0500F16E1BC57F9F00BBF94C /* MusicPlayerDemoTests.xctest */ = {isa = PBXFileReference; explicitFileType = wrapper.cfbundle; includeInIndex = 0; path = MusicPlayerDemoTests.xctest; sourceTree = BUILT_PRODUCTS_DIR; };
		0500F1721BC57F9F00BBF94C /* MusicPlayerDemoTests.m */ = {isa = PBXFileReference; lastKnownFileType = sourcecode.c.objc; path = MusicPlayerDemoTests.m; sourceTree = "<group>"; };
		0500F1741BC57F9F00BBF94C /* Info.plist */ = {isa = PBXFileReference; lastKnownFileType = text.plist.xml; path = Info.plist; sourceTree = "<group>"; };
		0500F1791BC57F9F00BBF94C /* MusicPlayerDemoUITests.xctest */ = {isa = PBXFileReference; explicitFileType = wrapper.cfbundle; includeInIndex = 0; path = MusicPlayerDemoUITests.xctest; sourceTree = BUILT_PRODUCTS_DIR; };
		0500F17D1BC57F9F00BBF94C /* MusicPlayerDemoUITests.m */ = {isa = PBXFileReference; lastKnownFileType = sourcecode.c.objc; path = MusicPlayerDemoUITests.m; sourceTree = "<group>"; };
		0500F17F1BC57F9F00BBF94C /* Info.plist */ = {isa = PBXFileReference; lastKnownFileType = text.plist.xml; path = Info.plist; sourceTree = "<group>"; };
		0500F1AF1BC5817600BBF94C /* bb@2x.jpg */ = {isa = PBXFileReference; lastKnownFileType = image.jpeg; path = "bb@2x.jpg"; sourceTree = "<group>"; };
		0500F1B01BC5817600BBF94C /* bb_icon@2x.jpg */ = {isa = PBXFileReference; lastKnownFileType = image.jpeg; path = "bb_icon@2x.jpg"; sourceTree = "<group>"; };
		0500F1B11BC5817600BBF94C /* dzq@2x.jpg */ = {isa = PBXFileReference; lastKnownFileType = image.jpeg; path = "dzq@2x.jpg"; sourceTree = "<group>"; };
		0500F1B21BC5817600BBF94C /* dzq_icon@2x.jpg */ = {isa = PBXFileReference; lastKnownFileType = image.jpeg; path = "dzq_icon@2x.jpg"; sourceTree = "<group>"; };
		0500F1B31BC5817600BBF94C /* eason@2x.jpg */ = {isa = PBXFileReference; lastKnownFileType = image.jpeg; path = "eason@2x.jpg"; sourceTree = "<group>"; };
		0500F1B41BC5817600BBF94C /* eason_icon@2x.jpg */ = {isa = PBXFileReference; lastKnownFileType = image.jpeg; path = "eason_icon@2x.jpg"; sourceTree = "<group>"; };
		0500F1B51BC5817600BBF94C /* jay@2x.jpg */ = {isa = PBXFileReference; lastKnownFileType = image.jpeg; path = "jay@2x.jpg"; sourceTree = "<group>"; };
		0500F1B61BC5817600BBF94C /* jay_icon@2x.png */ = {isa = PBXFileReference; lastKnownFileType = image.png; path = "jay_icon@2x.png"; sourceTree = "<group>"; };
		0500F1B71BC5817600BBF94C /* jj@2x.jpg */ = {isa = PBXFileReference; lastKnownFileType = image.jpeg; path = "jj@2x.jpg"; sourceTree = "<group>"; };
		0500F1B81BC5817600BBF94C /* jj_icon@2x.png */ = {isa = PBXFileReference; lastKnownFileType = image.png; path = "jj_icon@2x.png"; sourceTree = "<group>"; };
		0500F1B91BC5817600BBF94C /* kzxd@2x.jpg */ = {isa = PBXFileReference; lastKnownFileType = image.jpeg; path = "kzxd@2x.jpg"; sourceTree = "<group>"; };
		0500F1BA1BC5817600BBF94C /* kzxd_icon@2x.jpg */ = {isa = PBXFileReference; lastKnownFileType = image.jpeg; path = "kzxd_icon@2x.jpg"; sourceTree = "<group>"; };
		0500F1BB1BC5817600BBF94C /* nanquan@2x.jpg */ = {isa = PBXFileReference; lastKnownFileType = image.jpeg; path = "nanquan@2x.jpg"; sourceTree = "<group>"; };
		0500F1BC1BC5817600BBF94C /* nanquan_icon@2x.jpg */ = {isa = PBXFileReference; lastKnownFileType = image.jpeg; path = "nanquan_icon@2x.jpg"; sourceTree = "<group>"; };
		0500F1BD1BC5817600BBF94C /* wf@2x.jpg */ = {isa = PBXFileReference; lastKnownFileType = image.jpeg; path = "wf@2x.jpg"; sourceTree = "<group>"; };
		0500F1BE1BC5817600BBF94C /* wf_icon@2x.jpg */ = {isa = PBXFileReference; lastKnownFileType = image.jpeg; path = "wf_icon@2x.jpg"; sourceTree = "<group>"; };
		0500F1BF1BC5817600BBF94C /* zxy@2x.jpg */ = {isa = PBXFileReference; lastKnownFileType = image.jpeg; path = "zxy@2x.jpg"; sourceTree = "<group>"; };
		0500F1C01BC5817600BBF94C /* zxy_icon@2x.jpg */ = {isa = PBXFileReference; lastKnownFileType = image.jpeg; path = "zxy_icon@2x.jpg"; sourceTree = "<group>"; };
		0500F1D51BC5817600BBF94C /* Musics.plist */ = {isa = PBXFileReference; fileEncoding = 4; lastKnownFileType = text.plist.xml; path = Musics.plist; sourceTree = "<group>"; };
		0500F2001BC5835300BBF94C /* AppDelegate.h */ = {isa = PBXFileReference; fileEncoding = 4; lastKnownFileType = sourcecode.c.h; path = AppDelegate.h; sourceTree = "<group>"; };
		0500F2011BC5835300BBF94C /* AppDelegate.m */ = {isa = PBXFileReference; fileEncoding = 4; lastKnownFileType = sourcecode.c.objc; path = AppDelegate.m; sourceTree = "<group>"; };
		0500F2031BC5835300BBF94C /* JKRMusicViewController.h */ = {isa = PBXFileReference; fileEncoding = 4; lastKnownFileType = sourcecode.c.h; path = JKRMusicViewController.h; sourceTree = "<group>"; };
		0500F2041BC5835300BBF94C /* JKRMusicViewController.m */ = {isa = PBXFileReference; fileEncoding = 4; lastKnownFileType = sourcecode.c.objc; path = JKRMusicViewController.m; sourceTree = "<group>"; };
		0500F20B1BC5838B00BBF94C /* JKRMusic.h */ = {isa = PBXFileReference; fileEncoding = 4; lastKnownFileType = sourcecode.c.h; path = JKRMusic.h; sourceTree = "<group>"; };
		0500F20C1BC5838B00BBF94C /* JKRMusic.m */ = {isa = PBXFileReference; fileEncoding = 4; lastKnownFileType = sourcecode.c.objc; path = JKRMusic.m; sourceTree = "<group>"; };
		0500F20F1BC5842300BBF94C /* MJConst.h */ = {isa = PBXFileReference; fileEncoding = 4; lastKnownFileType = sourcecode.c.h; path = MJConst.h; sourceTree = "<group>"; };
		0500F2101BC5842300BBF94C /* MJConst.m */ = {isa = PBXFileReference; fileEncoding = 4; lastKnownFileType = sourcecode.c.objc; path = MJConst.m; sourceTree = "<group>"; };
		0500F2111BC5842300BBF94C /* MJExtension.h */ = {isa = PBXFileReference; fileEncoding = 4; lastKnownFileType = sourcecode.c.h; path = MJExtension.h; sourceTree = "<group>"; };
		0500F2121BC5842300BBF94C /* MJFoundation.h */ = {isa = PBXFileReference; fileEncoding = 4; lastKnownFileType = sourcecode.c.h; path = MJFoundation.h; sourceTree = "<group>"; };
		0500F2131BC5842300BBF94C /* MJFoundation.m */ = {isa = PBXFileReference; fileEncoding = 4; lastKnownFileType = sourcecode.c.objc; path = MJFoundation.m; sourceTree = "<group>"; };
		0500F2141BC5842300BBF94C /* MJIvar.h */ = {isa = PBXFileReference; fileEncoding = 4; lastKnownFileType = sourcecode.c.h; path = MJIvar.h; sourceTree = "<group>"; };
		0500F2151BC5842300BBF94C /* MJIvar.m */ = {isa = PBXFileReference; fileEncoding = 4; lastKnownFileType = sourcecode.c.objc; path = MJIvar.m; sourceTree = "<group>"; };
		0500F2161BC5842300BBF94C /* MJType.h */ = {isa = PBXFileReference; fileEncoding = 4; lastKnownFileType = sourcecode.c.h; path = MJType.h; sourceTree = "<group>"; };
		0500F2171BC5842300BBF94C /* MJType.m */ = {isa = PBXFileReference; fileEncoding = 4; lastKnownFileType = sourcecode.c.objc; path = MJType.m; sourceTree = "<group>"; };
		0500F2181BC5842300BBF94C /* NSObject+MJCoding.h */ = {isa = PBXFileReference; fileEncoding = 4; lastKnownFileType = sourcecode.c.h; path = "NSObject+MJCoding.h"; sourceTree = "<group>"; };
		0500F2191BC5842300BBF94C /* NSObject+MJCoding.m */ = {isa = PBXFileReference; fileEncoding = 4; lastKnownFileType = sourcecode.c.objc; path = "NSObject+MJCoding.m"; sourceTree = "<group>"; };
		0500F21A1BC5842300BBF94C /* NSObject+MJIvar.h */ = {isa = PBXFileReference; fileEncoding = 4; lastKnownFileType = sourcecode.c.h; path = "NSObject+MJIvar.h"; sourceTree = "<group>"; };
		0500F21B1BC5842300BBF94C /* NSObject+MJIvar.m */ = {isa = PBXFileReference; fileEncoding = 4; lastKnownFileType = sourcecode.c.objc; path = "NSObject+MJIvar.m"; sourceTree = "<group>"; };
		0500F21C1BC5842300BBF94C /* NSObject+MJKeyValue.h */ = {isa = PBXFileReference; fileEncoding = 4; lastKnownFileType = sourcecode.c.h; path = "NSObject+MJKeyValue.h"; sourceTree = "<group>"; };
		0500F21D1BC5842300BBF94C /* NSObject+MJKeyValue.m */ = {isa = PBXFileReference; fileEncoding = 4; lastKnownFileType = sourcecode.c.objc; path = "NSObject+MJKeyValue.m"; sourceTree = "<group>"; };
		0500F2251BC63E6D00BBF94C /* UIImage+Tool.h */ = {isa = PBXFileReference; fileEncoding = 4; lastKnownFileType = sourcecode.c.h; path = "UIImage+Tool.h"; sourceTree = "<group>"; };
		0500F2261BC63E6D00BBF94C /* UIImage+Tool.m */ = {isa = PBXFileReference; fileEncoding = 4; lastKnownFileType = sourcecode.c.objc; path = "UIImage+Tool.m"; sourceTree = "<group>"; };
		0500F2291BC6445200BBF94C /* JKRMusicsTool.h */ = {isa = PBXFileReference; fileEncoding = 4; lastKnownFileType = sourcecode.c.h; path = JKRMusicsTool.h; sourceTree = "<group>"; };
		0500F22A1BC6445200BBF94C /* JKRMusicsTool.m */ = {isa = PBXFileReference; fileEncoding = 4; lastKnownFileType = sourcecode.c.objc; path = JKRMusicsTool.m; sourceTree = "<group>"; };
		0500F22C1BC646D300BBF94C /* JKRPlayingViewController.h */ = {isa = PBXFileReference; fileEncoding = 4; lastKnownFileType = sourcecode.c.h; path = JKRPlayingViewController.h; sourceTree = "<group>"; };
		0500F22D1BC646D300BBF94C /* JKRPlayingViewController.m */ = {isa = PBXFileReference; fileEncoding = 4; lastKnownFileType = sourcecode.c.objc; path = JKRPlayingViewController.m; sourceTree = "<group>"; };
		0500F22E1BC646D300BBF94C /* JKRPlayingViewController.xib */ = {isa = PBXFileReference; fileEncoding = 4; lastKnownFileType = file.xib; path = JKRPlayingViewController.xib; sourceTree = "<group>"; };
		0500F2311BC647D000BBF94C /* UIView+Extension.h */ = {isa = PBXFileReference; fileEncoding = 4; lastKnownFileType = sourcecode.c.h; path = "UIView+Extension.h"; sourceTree = "<group>"; };
		0500F2321BC647D000BBF94C /* UIView+Extension.m */ = {isa = PBXFileReference; fileEncoding = 4; lastKnownFileType = sourcecode.c.objc; path = "UIView+Extension.m"; sourceTree = "<group>"; };
		0500F2341BC6496500BBF94C /* JKRMusicTool.h */ = {isa = PBXFileReference; fileEncoding = 4; lastKnownFileType = sourcecode.c.h; path = JKRMusicTool.h; sourceTree = "<group>"; };
		0500F2351BC6496500BBF94C /* JKRMusicTool.m */ = {isa = PBXFileReference; fileEncoding = 4; lastKnownFileType = sourcecode.c.objc; path = JKRMusicTool.m; sourceTree = "<group>"; };
		052B0E5E1BC8C144005E8E4E /* DXSemiTableViewController.h */ = {isa = PBXFileReference; fileEncoding = 4; lastKnownFileType = sourcecode.c.h; path = DXSemiTableViewController.h; sourceTree = "<group>"; };
		052B0E5F1BC8C144005E8E4E /* DXSemiTableViewController.m */ = {isa = PBXFileReference; fileEncoding = 4; lastKnownFileType = sourcecode.c.objc; path = DXSemiTableViewController.m; sourceTree = "<group>"; };
		052B0E601BC8C144005E8E4E /* DXSemiViewController.h */ = {isa = PBXFileReference; fileEncoding = 4; lastKnownFileType = sourcecode.c.h; path = DXSemiViewController.h; sourceTree = "<group>"; };
		052B0E611BC8C144005E8E4E /* DXSemiViewController.m */ = {isa = PBXFileReference; fileEncoding = 4; lastKnownFileType = sourcecode.c.objc; path = DXSemiViewController.m; sourceTree = "<group>"; };
		052B0E621BC8C144005E8E4E /* DXSemiViewControllerCategory.h */ = {isa = PBXFileReference; fileEncoding = 4; lastKnownFileType = sourcecode.c.h; path = DXSemiViewControllerCategory.h; sourceTree = "<group>"; };
		052B0E631BC8C144005E8E4E /* DXSemiViewControllerCategory.m */ = {isa = PBXFileReference; fileEncoding = 4; lastKnownFileType = sourcecode.c.objc; path = DXSemiViewControllerCategory.m; sourceTree = "<group>"; };
		052B0E671BC8C15C005E8E4E /* JKRMusicMenuViewController.h */ = {isa = PBXFileReference; fileEncoding = 4; lastKnownFileType = sourcecode.c.h; path = JKRMusicMenuViewController.h; sourceTree = "<group>"; };
		052B0E681BC8C15C005E8E4E /* JKRMusicMenuViewController.m */ = {isa = PBXFileReference; fileEncoding = 4; lastKnownFileType = sourcecode.c.objc; path = JKRMusicMenuViewController.m; sourceTree = "<group>"; };
		052B0E6A1BC8C1B1005E8E4E /* menu.png */ = {isa = PBXFileReference; lastKnownFileType = image.png; path = menu.png; sourceTree = "<group>"; };
		052B0E751BC968EA005E8E4E /* 10405520.lrc */ = {isa = PBXFileReference; fileEncoding = 4; lastKnownFileType = text; path = 10405520.lrc; sourceTree = "<group>"; };
		052B0E761BC968EA005E8E4E /* 10736444.lrc */ = {isa = PBXFileReference; fileEncoding = 4; lastKnownFileType = text; path = 10736444.lrc; sourceTree = "<group>"; };
		052B0E771BC968EA005E8E4E /* 120125029.lrc */ = {isa = PBXFileReference; fileEncoding = 4; lastKnownFileType = text; path = 120125029.lrc; sourceTree = "<group>"; };
		052B0E781BC968EA005E8E4E /* 12309111.lrc */ = {isa = PBXFileReference; fileEncoding = 4; lastKnownFileType = text; path = 12309111.lrc; sourceTree = "<group>"; };
		052B0E791BC968EA005E8E4E /* 14945107.lrc */ = {isa = PBXFileReference; fileEncoding = 4; lastKnownFileType = text; path = 14945107.lrc; sourceTree = "<group>"; };
		052B0E7A1BC968EA005E8E4E /* 235319.lrc */ = {isa = PBXFileReference; fileEncoding = 4; lastKnownFileType = text; path = 235319.lrc; sourceTree = "<group>"; };
		052B0E7B1BC968EA005E8E4E /* 255319.lrc */ = {isa = PBXFileReference; fileEncoding = 4; lastKnownFileType = text; path = 255319.lrc; sourceTree = "<group>"; };
		052B0E7C1BC968EA005E8E4E /* 309769.lrc */ = {isa = PBXFileReference; fileEncoding = 4; lastKnownFileType = text; path = 309769.lrc; sourceTree = "<group>"; };
		052B0E7D1BC968EA005E8E4E /* 339744.lrc */ = {isa = PBXFileReference; fileEncoding = 4; lastKnownFileType = text; path = 339744.lrc; sourceTree = "<group>"; };
		052B0E7E1BC968EA005E8E4E /* 梁静茹-偶阵雨.lrc */ = {isa = PBXFileReference; fileEncoding = 4; lastKnownFileType = text; path = "梁静茹-偶阵雨.lrc"; sourceTree = "<group>"; };
		052B0E801BC968EA005E8E4E /* 10405520.mp3 */ = {isa = PBXFileReference; lastKnownFileType = audio.mp3; path = 10405520.mp3; sourceTree = "<group>"; };
		052B0E811BC968EA005E8E4E /* 10736444.mp3 */ = {isa = PBXFileReference; lastKnownFileType = audio.mp3; path = 10736444.mp3; sourceTree = "<group>"; };
		052B0E821BC968EA005E8E4E /* 120125029.mp3 */ = {isa = PBXFileReference; lastKnownFileType = audio.mp3; path = 120125029.mp3; sourceTree = "<group>"; };
		052B0E831BC968EA005E8E4E /* 12309111.mp3 */ = {isa = PBXFileReference; lastKnownFileType = audio.mp3; path = 12309111.mp3; sourceTree = "<group>"; };
		052B0E841BC968EA005E8E4E /* 14945107.mp3 */ = {isa = PBXFileReference; lastKnownFileType = audio.mp3; path = 14945107.mp3; sourceTree = "<group>"; };
		052B0E851BC968EA005E8E4E /* 235319.mp3 */ = {isa = PBXFileReference; lastKnownFileType = audio.mp3; path = 235319.mp3; sourceTree = "<group>"; };
		052B0E861BC968EA005E8E4E /* 255319.mp3 */ = {isa = PBXFileReference; lastKnownFileType = audio.mp3; path = 255319.mp3; sourceTree = "<group>"; };
		052B0E871BC968EA005E8E4E /* 309769.mp3 */ = {isa = PBXFileReference; lastKnownFileType = audio.mp3; path = 309769.mp3; sourceTree = "<group>"; };
		052B0E881BC968EA005E8E4E /* 339744.mp3 */ = {isa = PBXFileReference; lastKnownFileType = audio.mp3; path = 339744.mp3; sourceTree = "<group>"; };
		052B0E891BC968EA005E8E4E /* 南拳妈妈-下雨天.mp3 */ = {isa = PBXFileReference; lastKnownFileType = audio.mp3; path = "南拳妈妈-下雨天.mp3"; sourceTree = "<group>"; };
		052B0E8A1BC968EA005E8E4E /* 梁静茹-偶阵雨.mp3 */ = {isa = PBXFileReference; lastKnownFileType = audio.mp3; path = "梁静茹-偶阵雨.mp3"; sourceTree = "<group>"; };
		0583E4D31BC764C000A1C559 /* JKRLrcView.h */ = {isa = PBXFileReference; fileEncoding = 4; lastKnownFileType = sourcecode.c.h; path = JKRLrcView.h; sourceTree = "<group>"; };
		0583E4D41BC764C000A1C559 /* JKRLrcView.m */ = {isa = PBXFileReference; fileEncoding = 4; lastKnownFileType = sourcecode.c.objc; path = JKRLrcView.m; sourceTree = "<group>"; };
		0583E4D81BC770E900A1C559 /* JKRLrcView.xib */ = {isa = PBXFileReference; fileEncoding = 4; lastKnownFileType = file.xib; path = JKRLrcView.xib; sourceTree = "<group>"; };
/* End PBXFileReference section */

/* Begin PBXFrameworksBuildPhase section */
		0500F1521BC57F9F00BBF94C /* Frameworks */ = {
			isa = PBXFrameworksBuildPhase;
			buildActionMask = 2147483647;
			files = (
			);
			runOnlyForDeploymentPostprocessing = 0;
		};
		0500F16B1BC57F9F00BBF94C /* Frameworks */ = {
			isa = PBXFrameworksBuildPhase;
			buildActionMask = 2147483647;
			files = (
			);
			runOnlyForDeploymentPostprocessing = 0;
		};
		0500F1761BC57F9F00BBF94C /* Frameworks */ = {
			isa = PBXFrameworksBuildPhase;
			buildActionMask = 2147483647;
			files = (
			);
			runOnlyForDeploymentPostprocessing = 0;
		};
/* End PBXFrameworksBuildPhase section */

/* Begin PBXGroup section */
		0500F14C1BC57F9F00BBF94C = {
			isa = PBXGroup;
			children = (
				0500F1571BC57F9F00BBF94C /* MusicPlayerDemo */,
				0500F1711BC57F9F00BBF94C /* MusicPlayerDemoTests */,
				0500F17C1BC57F9F00BBF94C /* MusicPlayerDemoUITests */,
				0500F1561BC57F9F00BBF94C /* Products */,
			);
			sourceTree = "<group>";
		};
		0500F1561BC57F9F00BBF94C /* Products */ = {
			isa = PBXGroup;
			children = (
				0500F1551BC57F9F00BBF94C /* MusicPlayerDemo.app */,
				0500F16E1BC57F9F00BBF94C /* MusicPlayerDemoTests.xctest */,
				0500F1791BC57F9F00BBF94C /* MusicPlayerDemoUITests.xctest */,
			);
			name = Products;
			sourceTree = "<group>";
		};
		0500F1571BC57F9F00BBF94C /* MusicPlayerDemo */ = {
			isa = PBXGroup;
			children = (
				0500F1FE1BC5835300BBF94C /* Classes */,
				0500F1611BC57F9F00BBF94C /* Main.storyboard */,
				0500F1581BC57F9F00BBF94C /* Supporting Files */,
			);
			path = MusicPlayerDemo;
			sourceTree = "<group>";
		};
		0500F1581BC57F9F00BBF94C /* Supporting Files */ = {
			isa = PBXGroup;
			children = (
				0500F1641BC57F9F00BBF94C /* Assets.xcassets */,
				052B0E6A1BC8C1B1005E8E4E /* menu.png */,
				0500F1691BC57F9F00BBF94C /* Info.plist */,
				0500F1AD1BC5817600BBF94C /* Resources */,
				0500F1591BC57F9F00BBF94C /* main.m */,
			);
			name = "Supporting Files";
			sourceTree = "<group>";
		};
		0500F1711BC57F9F00BBF94C /* MusicPlayerDemoTests */ = {
			isa = PBXGroup;
			children = (
				0500F1721BC57F9F00BBF94C /* MusicPlayerDemoTests.m */,
				0500F1741BC57F9F00BBF94C /* Info.plist */,
			);
			path = MusicPlayerDemoTests;
			sourceTree = "<group>";
		};
		0500F17C1BC57F9F00BBF94C /* MusicPlayerDemoUITests */ = {
			isa = PBXGroup;
			children = (
				0500F17D1BC57F9F00BBF94C /* MusicPlayerDemoUITests.m */,
				0500F17F1BC57F9F00BBF94C /* Info.plist */,
			);
			path = MusicPlayerDemoUITests;
			sourceTree = "<group>";
		};
		0500F1AD1BC5817600BBF94C /* Resources */ = {
			isa = PBXGroup;
			children = (
				052B0E741BC968EA005E8E4E /* Lrcs */,
				052B0E7F1BC968EA005E8E4E /* MP3s */,
				0500F1AE1BC5817600BBF94C /* Images */,
				0500F1D51BC5817600BBF94C /* Musics.plist */,
			);
			path = Resources;
			sourceTree = "<group>";
		};
		0500F1AE1BC5817600BBF94C /* Images */ = {
			isa = PBXGroup;
			children = (
				0500F1AF1BC5817600BBF94C /* bb@2x.jpg */,
				0500F1B01BC5817600BBF94C /* bb_icon@2x.jpg */,
				0500F1B11BC5817600BBF94C /* dzq@2x.jpg */,
				0500F1B21BC5817600BBF94C /* dzq_icon@2x.jpg */,
				0500F1B31BC5817600BBF94C /* eason@2x.jpg */,
				0500F1B41BC5817600BBF94C /* eason_icon@2x.jpg */,
				0500F1B51BC5817600BBF94C /* jay@2x.jpg */,
				0500F1B61BC5817600BBF94C /* jay_icon@2x.png */,
				0500F1B71BC5817600BBF94C /* jj@2x.jpg */,
				0500F1B81BC5817600BBF94C /* jj_icon@2x.png */,
				0500F1B91BC5817600BBF94C /* kzxd@2x.jpg */,
				0500F1BA1BC5817600BBF94C /* kzxd_icon@2x.jpg */,
				0500F1BB1BC5817600BBF94C /* nanquan@2x.jpg */,
				0500F1BC1BC5817600BBF94C /* nanquan_icon@2x.jpg */,
				0500F1BD1BC5817600BBF94C /* wf@2x.jpg */,
				0500F1BE1BC5817600BBF94C /* wf_icon@2x.jpg */,
				0500F1BF1BC5817600BBF94C /* zxy@2x.jpg */,
				0500F1C01BC5817600BBF94C /* zxy_icon@2x.jpg */,
			);
			path = Images;
			sourceTree = "<group>";
		};
		0500F1FE1BC5835300BBF94C /* Classes */ = {
			isa = PBXGroup;
			children = (
				0500F2281BC6444500BBF94C /* Tool */,
				0500F1FF1BC5835300BBF94C /* AppDelegate */,
				0500F2021BC5835300BBF94C /* Controller */,
				0500F2051BC5835300BBF94C /* Lib */,
				0500F2061BC5835300BBF94C /* Model */,
				0500F2071BC5835300BBF94C /* Other */,
				0500F2081BC5835300BBF94C /* View */,
			);
			path = Classes;
			sourceTree = "<group>";
		};
		0500F1FF1BC5835300BBF94C /* AppDelegate */ = {
			isa = PBXGroup;
			children = (
				0500F2001BC5835300BBF94C /* AppDelegate.h */,
				0500F2011BC5835300BBF94C /* AppDelegate.m */,
			);
			path = AppDelegate;
			sourceTree = "<group>";
		};
		0500F2021BC5835300BBF94C /* Controller */ = {
			isa = PBXGroup;
			children = (
				0500F2031BC5835300BBF94C /* JKRMusicViewController.h */,
				0500F2041BC5835300BBF94C /* JKRMusicViewController.m */,
				0500F22C1BC646D300BBF94C /* JKRPlayingViewController.h */,
				0500F22D1BC646D300BBF94C /* JKRPlayingViewController.m */,
				0500F22E1BC646D300BBF94C /* JKRPlayingViewController.xib */,
				052B0E671BC8C15C005E8E4E /* JKRMusicMenuViewController.h */,
				052B0E681BC8C15C005E8E4E /* JKRMusicMenuViewController.m */,
			);
			path = Controller;
			sourceTree = "<group>";
		};
		0500F2051BC5835300BBF94C /* Lib */ = {
			isa = PBXGroup;
			children = (
				052B0E5D1BC8C144005E8E4E /* DXSemiTableViewController */,
				0500F2311BC647D000BBF94C /* UIView+Extension.h */,
				0500F2321BC647D000BBF94C /* UIView+Extension.m */,
				0500F2251BC63E6D00BBF94C /* UIImage+Tool.h */,
				0500F2261BC63E6D00BBF94C /* UIImage+Tool.m */,
				0500F20E1BC5842300BBF94C /* MJExtension */,
			);
			path = Lib;
			sourceTree = "<group>";
		};
		0500F2061BC5835300BBF94C /* Model */ = {
			isa = PBXGroup;
			children = (
				0500F20B1BC5838B00BBF94C /* JKRMusic.h */,
				0500F20C1BC5838B00BBF94C /* JKRMusic.m */,
			);
			path = Model;
			sourceTree = "<group>";
		};
		0500F2071BC5835300BBF94C /* Other */ = {
			isa = PBXGroup;
			children = (
			);
			path = Other;
			sourceTree = "<group>";
		};
		0500F2081BC5835300BBF94C /* View */ = {
			isa = PBXGroup;
			children = (
				0583E4D31BC764C000A1C559 /* JKRLrcView.h */,
				0583E4D41BC764C000A1C559 /* JKRLrcView.m */,
				0583E4D81BC770E900A1C559 /* JKRLrcView.xib */,
			);
			path = View;
			sourceTree = "<group>";
		};
		0500F20E1BC5842300BBF94C /* MJExtension */ = {
			isa = PBXGroup;
			children = (
				0500F20F1BC5842300BBF94C /* MJConst.h */,
				0500F2101BC5842300BBF94C /* MJConst.m */,
				0500F2111BC5842300BBF94C /* MJExtension.h */,
				0500F2121BC5842300BBF94C /* MJFoundation.h */,
				0500F2131BC5842300BBF94C /* MJFoundation.m */,
				0500F2141BC5842300BBF94C /* MJIvar.h */,
				0500F2151BC5842300BBF94C /* MJIvar.m */,
				0500F2161BC5842300BBF94C /* MJType.h */,
				0500F2171BC5842300BBF94C /* MJType.m */,
				0500F2181BC5842300BBF94C /* NSObject+MJCoding.h */,
				0500F2191BC5842300BBF94C /* NSObject+MJCoding.m */,
				0500F21A1BC5842300BBF94C /* NSObject+MJIvar.h */,
				0500F21B1BC5842300BBF94C /* NSObject+MJIvar.m */,
				0500F21C1BC5842300BBF94C /* NSObject+MJKeyValue.h */,
				0500F21D1BC5842300BBF94C /* NSObject+MJKeyValue.m */,
			);
			path = MJExtension;
			sourceTree = "<group>";
		};
		0500F2281BC6444500BBF94C /* Tool */ = {
			isa = PBXGroup;
			children = (
				0500F2341BC6496500BBF94C /* JKRMusicTool.h */,
				0500F2351BC6496500BBF94C /* JKRMusicTool.m */,
				0500F2291BC6445200BBF94C /* JKRMusicsTool.h */,
				0500F22A1BC6445200BBF94C /* JKRMusicsTool.m */,
			);
			path = Tool;
			sourceTree = "<group>";
		};
		052B0E5D1BC8C144005E8E4E /* DXSemiTableViewController */ = {
			isa = PBXGroup;
			children = (
				052B0E5E1BC8C144005E8E4E /* DXSemiTableViewController.h */,
				052B0E5F1BC8C144005E8E4E /* DXSemiTableViewController.m */,
				052B0E601BC8C144005E8E4E /* DXSemiViewController.h */,
				052B0E611BC8C144005E8E4E /* DXSemiViewController.m */,
				052B0E621BC8C144005E8E4E /* DXSemiViewControllerCategory.h */,
				052B0E631BC8C144005E8E4E /* DXSemiViewControllerCategory.m */,
			);
			path = DXSemiTableViewController;
			sourceTree = "<group>";
		};
		052B0E741BC968EA005E8E4E /* Lrcs */ = {
			isa = PBXGroup;
			children = (
				052B0E751BC968EA005E8E4E /* 10405520.lrc */,
				052B0E761BC968EA005E8E4E /* 10736444.lrc */,
				052B0E771BC968EA005E8E4E /* 120125029.lrc */,
				052B0E781BC968EA005E8E4E /* 12309111.lrc */,
				052B0E791BC968EA005E8E4E /* 14945107.lrc */,
				052B0E7A1BC968EA005E8E4E /* 235319.lrc */,
				052B0E7B1BC968EA005E8E4E /* 255319.lrc */,
				052B0E7C1BC968EA005E8E4E /* 309769.lrc */,
				052B0E7D1BC968EA005E8E4E /* 339744.lrc */,
				052B0E7E1BC968EA005E8E4E /* 梁静茹-偶阵雨.lrc */,
			);
			path = Lrcs;
			sourceTree = "<group>";
		};
		052B0E7F1BC968EA005E8E4E /* MP3s */ = {
			isa = PBXGroup;
			children = (
				052B0E801BC968EA005E8E4E /* 10405520.mp3 */,
				052B0E811BC968EA005E8E4E /* 10736444.mp3 */,
				052B0E821BC968EA005E8E4E /* 120125029.mp3 */,
				052B0E831BC968EA005E8E4E /* 12309111.mp3 */,
				052B0E841BC968EA005E8E4E /* 14945107.mp3 */,
				052B0E851BC968EA005E8E4E /* 235319.mp3 */,
				052B0E861BC968EA005E8E4E /* 255319.mp3 */,
				052B0E871BC968EA005E8E4E /* 309769.mp3 */,
				052B0E881BC968EA005E8E4E /* 339744.mp3 */,
				052B0E891BC968EA005E8E4E /* 南拳妈妈-下雨天.mp3 */,
				052B0E8A1BC968EA005E8E4E /* 梁静茹-偶阵雨.mp3 */,
			);
			path = MP3s;
			sourceTree = "<group>";
		};
/* End PBXGroup section */

/* Begin PBXNativeTarget section */
		0500F1541BC57F9F00BBF94C /* MusicPlayerDemo */ = {
			isa = PBXNativeTarget;
			buildConfigurationList = 0500F1821BC57F9F00BBF94C /* Build configuration list for PBXNativeTarget "MusicPlayerDemo" */;
			buildPhases = (
				0500F1511BC57F9F00BBF94C /* Sources */,
				0500F1521BC57F9F00BBF94C /* Frameworks */,
				0500F1531BC57F9F00BBF94C /* Resources */,
			);
			buildRules = (
			);
			dependencies = (
			);
			name = MusicPlayerDemo;
			productName = MusicPlayerDemo;
			productReference = 0500F1551BC57F9F00BBF94C /* MusicPlayerDemo.app */;
			productType = "com.apple.product-type.application";
		};
		0500F16D1BC57F9F00BBF94C /* MusicPlayerDemoTests */ = {
			isa = PBXNativeTarget;
			buildConfigurationList = 0500F1851BC57F9F00BBF94C /* Build configuration list for PBXNativeTarget "MusicPlayerDemoTests" */;
			buildPhases = (
				0500F16A1BC57F9F00BBF94C /* Sources */,
				0500F16B1BC57F9F00BBF94C /* Frameworks */,
				0500F16C1BC57F9F00BBF94C /* Resources */,
			);
			buildRules = (
			);
			dependencies = (
				0500F1701BC57F9F00BBF94C /* PBXTargetDependency */,
			);
			name = MusicPlayerDemoTests;
			productName = MusicPlayerDemoTests;
			productReference = 0500F16E1BC57F9F00BBF94C /* MusicPlayerDemoTests.xctest */;
			productType = "com.apple.product-type.bundle.unit-test";
		};
		0500F1781BC57F9F00BBF94C /* MusicPlayerDemoUITests */ = {
			isa = PBXNativeTarget;
			buildConfigurationList = 0500F1881BC57F9F00BBF94C /* Build configuration list for PBXNativeTarget "MusicPlayerDemoUITests" */;
			buildPhases = (
				0500F1751BC57F9F00BBF94C /* Sources */,
				0500F1761BC57F9F00BBF94C /* Frameworks */,
				0500F1771BC57F9F00BBF94C /* Resources */,
			);
			buildRules = (
			);
			dependencies = (
				0500F17B1BC57F9F00BBF94C /* PBXTargetDependency */,
			);
			name = MusicPlayerDemoUITests;
			productName = MusicPlayerDemoUITests;
			productReference = 0500F1791BC57F9F00BBF94C /* MusicPlayerDemoUITests.xctest */;
			productType = "com.apple.product-type.bundle.ui-testing";
		};
/* End PBXNativeTarget section */

/* Begin PBXProject section */
		0500F14D1BC57F9F00BBF94C /* Project object */ = {
			isa = PBXProject;
			attributes = {
				CLASSPREFIX = JKR;
				LastUpgradeCheck = 0700;
				ORGANIZATIONNAME = Lucky;
				TargetAttributes = {
					0500F1541BC57F9F00BBF94C = {
						CreatedOnToolsVersion = 7.0.1;
						DevelopmentTeam = P2R6KS7ECX;
					};
					0500F16D1BC57F9F00BBF94C = {
						CreatedOnToolsVersion = 7.0.1;
						DevelopmentTeam = P2R6KS7ECX;
						TestTargetID = 0500F1541BC57F9F00BBF94C;
					};
					0500F1781BC57F9F00BBF94C = {
						CreatedOnToolsVersion = 7.0.1;
						DevelopmentTeam = P2R6KS7ECX;
						TestTargetID = 0500F1541BC57F9F00BBF94C;
					};
				};
			};
			buildConfigurationList = 0500F1501BC57F9F00BBF94C /* Build configuration list for PBXProject "MusicPlayerDemo" */;
			compatibilityVersion = "Xcode 3.2";
			developmentRegion = English;
			hasScannedForEncodings = 0;
			knownRegions = (
				en,
				Base,
			);
			mainGroup = 0500F14C1BC57F9F00BBF94C;
			productRefGroup = 0500F1561BC57F9F00BBF94C /* Products */;
			projectDirPath = "";
			projectRoot = "";
			targets = (
				0500F1541BC57F9F00BBF94C /* MusicPlayerDemo */,
				0500F16D1BC57F9F00BBF94C /* MusicPlayerDemoTests */,
				0500F1781BC57F9F00BBF94C /* MusicPlayerDemoUITests */,
			);
		};
/* End PBXProject section */

/* Begin PBXResourcesBuildPhase section */
		0500F1531BC57F9F00BBF94C /* Resources */ = {
			isa = PBXResourcesBuildPhase;
			buildActionMask = 2147483647;
			files = (
				052B0E8C1BC968EA005E8E4E /* 10736444.lrc in Resources */,
				052B0E941BC968EA005E8E4E /* 梁静茹-偶阵雨.lrc in Resources */,
				052B0E981BC968EA005E8E4E /* 12309111.mp3 in Resources */,
				052B0E8E1BC968EA005E8E4E /* 12309111.lrc in Resources */,
				052B0E911BC968EA005E8E4E /* 255319.lrc in Resources */,
				0500F1DF1BC5817600BBF94C /* jj_icon@2x.png in Resources */,
				0500F1DD1BC5817600BBF94C /* jay_icon@2x.png in Resources */,
				0500F1E31BC5817600BBF94C /* nanquan_icon@2x.jpg in Resources */,
				052B0E991BC968EA005E8E4E /* 14945107.mp3 in Resources */,
				052B0E961BC968EA005E8E4E /* 10736444.mp3 in Resources */,
				0500F1D71BC5817600BBF94C /* bb_icon@2x.jpg in Resources */,
				0500F1E11BC5817600BBF94C /* kzxd_icon@2x.jpg in Resources */,
				0500F1FA1BC5817600BBF94C /* Musics.plist in Resources */,
				052B0E9E1BC968EA005E8E4E /* 南拳妈妈-下雨天.mp3 in Resources */,
				0500F1E71BC5817600BBF94C /* zxy_icon@2x.jpg in Resources */,
				0500F1DC1BC5817600BBF94C /* jay@2x.jpg in Resources */,
				052B0E9B1BC968EA005E8E4E /* 255319.mp3 in Resources */,
				052B0E931BC968EA005E8E4E /* 339744.lrc in Resources */,
				052B0E8B1BC968EA005E8E4E /* 10405520.lrc in Resources */,
				0500F1D81BC5817600BBF94C /* dzq@2x.jpg in Resources */,
				0500F1E51BC5817600BBF94C /* wf_icon@2x.jpg in Resources */,
				052B0E971BC968EA005E8E4E /* 120125029.mp3 in Resources */,
				0500F1DB1BC5817600BBF94C /* eason_icon@2x.jpg in Resources */,
				0500F1E61BC5817600BBF94C /* zxy@2x.jpg in Resources */,
				0500F2301BC646D300BBF94C /* JKRPlayingViewController.xib in Resources */,
				052B0E9A1BC968EA005E8E4E /* 235319.mp3 in Resources */,
				0500F1E01BC5817600BBF94C /* kzxd@2x.jpg in Resources */,
				0500F1E21BC5817600BBF94C /* nanquan@2x.jpg in Resources */,
				052B0E901BC968EA005E8E4E /* 235319.lrc in Resources */,
				0500F1E41BC5817600BBF94C /* wf@2x.jpg in Resources */,
				052B0E8D1BC968EA005E8E4E /* 120125029.lrc in Resources */,
				0500F1DE1BC5817600BBF94C /* jj@2x.jpg in Resources */,
				0500F1DA1BC5817600BBF94C /* eason@2x.jpg in Resources */,
				0583E4D91BC770E900A1C559 /* JKRLrcView.xib in Resources */,
				052B0E951BC968EA005E8E4E /* 10405520.mp3 in Resources */,
				052B0E6B1BC8C1B1005E8E4E /* menu.png in Resources */,
				052B0E8F1BC968EA005E8E4E /* 14945107.lrc in Resources */,
				052B0E9C1BC968EA005E8E4E /* 309769.mp3 in Resources */,
				052B0E921BC968EA005E8E4E /* 309769.lrc in Resources */,
				0500F1D91BC5817600BBF94C /* dzq_icon@2x.jpg in Resources */,
				0500F1651BC57F9F00BBF94C /* Assets.xcassets in Resources */,
				052B0E9F1BC968EA005E8E4E /* 梁静茹-偶阵雨.mp3 in Resources */,
				0500F1D61BC5817600BBF94C /* bb@2x.jpg in Resources */,
				0500F1631BC57F9F00BBF94C /* Main.storyboard in Resources */,
				052B0E9D1BC968EA005E8E4E /* 339744.mp3 in Resources */,
			);
			runOnlyForDeploymentPostprocessing = 0;
		};
		0500F16C1BC57F9F00BBF94C /* Resources */ = {
			isa = PBXResourcesBuildPhase;
			buildActionMask = 2147483647;
			files = (
			);
			runOnlyForDeploymentPostprocessing = 0;
		};
		0500F1771BC57F9F00BBF94C /* Resources */ = {
			isa = PBXResourcesBuildPhase;
			buildActionMask = 2147483647;
			files = (
			);
			runOnlyForDeploymentPostprocessing = 0;
		};
/* End PBXResourcesBuildPhase section */

/* Begin PBXSourcesBuildPhase section */
		0500F1511BC57F9F00BBF94C /* Sources */ = {
			isa = PBXSourcesBuildPhase;
			buildActionMask = 2147483647;
			files = (
				0583E4D51BC764C000A1C559 /* JKRLrcView.m in Sources */,
				0500F2331BC647D000BBF94C /* UIView+Extension.m in Sources */,
				0500F2091BC5835300BBF94C /* AppDelegate.m in Sources */,
				0500F20D1BC5838B00BBF94C /* JKRMusic.m in Sources */,
				0500F22B1BC6445200BBF94C /* JKRMusicsTool.m in Sources */,
				0500F2201BC5842300BBF94C /* MJIvar.m in Sources */,
				0500F2271BC63E6D00BBF94C /* UIImage+Tool.m in Sources */,
				052B0E641BC8C144005E8E4E /* DXSemiTableViewController.m in Sources */,
				0500F15A1BC57F9F00BBF94C /* main.m in Sources */,
				0500F2241BC5842300BBF94C /* NSObject+MJKeyValue.m in Sources */,
				0500F2211BC5842300BBF94C /* MJType.m in Sources */,
				0500F2221BC5842300BBF94C /* NSObject+MJCoding.m in Sources */,
				0500F21F1BC5842300BBF94C /* MJFoundation.m in Sources */,
				0500F20A1BC5835300BBF94C /* JKRMusicViewController.m in Sources */,
				0500F22F1BC646D300BBF94C /* JKRPlayingViewController.m in Sources */,
				052B0E651BC8C144005E8E4E /* DXSemiViewController.m in Sources */,
				052B0E661BC8C144005E8E4E /* DXSemiViewControllerCategory.m in Sources */,
				0500F2231BC5842300BBF94C /* NSObject+MJIvar.m in Sources */,
				052B0E691BC8C15C005E8E4E /* JKRMusicMenuViewController.m in Sources */,
				0500F21E1BC5842300BBF94C /* MJConst.m in Sources */,
				0500F2361BC6496500BBF94C /* JKRMusicTool.m in Sources */,
			);
			runOnlyForDeploymentPostprocessing = 0;
		};
		0500F16A1BC57F9F00BBF94C /* Sources */ = {
			isa = PBXSourcesBuildPhase;
			buildActionMask = 2147483647;
			files = (
				0500F1731BC57F9F00BBF94C /* MusicPlayerDemoTests.m in Sources */,
			);
			runOnlyForDeploymentPostprocessing = 0;
		};
		0500F1751BC57F9F00BBF94C /* Sources */ = {
			isa = PBXSourcesBuildPhase;
			buildActionMask = 2147483647;
			files = (
				0500F17E1BC57F9F00BBF94C /* MusicPlayerDemoUITests.m in Sources */,
			);
			runOnlyForDeploymentPostprocessing = 0;
		};
/* End PBXSourcesBuildPhase section */

/* Begin PBXTargetDependency section */
		0500F1701BC57F9F00BBF94C /* PBXTargetDependency */ = {
			isa = PBXTargetDependency;
			target = 0500F1541BC57F9F00BBF94C /* MusicPlayerDemo */;
			targetProxy = 0500F16F1BC57F9F00BBF94C /* PBXContainerItemProxy */;
		};
		0500F17B1BC57F9F00BBF94C /* PBXTargetDependency */ = {
			isa = PBXTargetDependency;
			target = 0500F1541BC57F9F00BBF94C /* MusicPlayerDemo */;
			targetProxy = 0500F17A1BC57F9F00BBF94C /* PBXContainerItemProxy */;
		};
/* End PBXTargetDependency section */

/* Begin PBXVariantGroup section */
		0500F1611BC57F9F00BBF94C /* Main.storyboard */ = {
			isa = PBXVariantGroup;
			children = (
				0500F1621BC57F9F00BBF94C /* Base */,
			);
			name = Main.storyboard;
			sourceTree = "<group>";
		};
/* End PBXVariantGroup section */

/* Begin XCBuildConfiguration section */
		0500F1801BC57F9F00BBF94C /* Debug */ = {
			isa = XCBuildConfiguration;
			buildSettings = {
				ALWAYS_SEARCH_USER_PATHS = NO;
				CLANG_CXX_LANGUAGE_STANDARD = "gnu++0x";
				CLANG_CXX_LIBRARY = "libc++";
				CLANG_ENABLE_MODULES = YES;
				CLANG_ENABLE_OBJC_ARC = YES;
				CLANG_WARN_BOOL_CONVERSION = YES;
				CLANG_WARN_CONSTANT_CONVERSION = YES;
				CLANG_WARN_DIRECT_OBJC_ISA_USAGE = YES_ERROR;
				CLANG_WARN_EMPTY_BODY = YES;
				CLANG_WARN_ENUM_CONVERSION = YES;
				CLANG_WARN_INT_CONVERSION = YES;
				CLANG_WARN_OBJC_ROOT_CLASS = YES_ERROR;
				CLANG_WARN_UNREACHABLE_CODE = YES;
				CLANG_WARN__DUPLICATE_METHOD_MATCH = YES;
				"CODE_SIGN_IDENTITY[sdk=iphoneos*]" = "iPhone Developer";
				COPY_PHASE_STRIP = NO;
				DEBUG_INFORMATION_FORMAT = dwarf;
				ENABLE_STRICT_OBJC_MSGSEND = YES;
				ENABLE_TESTABILITY = YES;
				GCC_C_LANGUAGE_STANDARD = gnu99;
				GCC_DYNAMIC_NO_PIC = NO;
				GCC_NO_COMMON_BLOCKS = YES;
				GCC_OPTIMIZATION_LEVEL = 0;
				GCC_PREPROCESSOR_DEFINITIONS = (
					"DEBUG=1",
					"$(inherited)",
				);
				GCC_WARN_64_TO_32_BIT_CONVERSION = YES;
				GCC_WARN_ABOUT_RETURN_TYPE = YES_ERROR;
				GCC_WARN_UNDECLARED_SELECTOR = YES;
				GCC_WARN_UNINITIALIZED_AUTOS = YES_AGGRESSIVE;
				GCC_WARN_UNUSED_FUNCTION = YES;
				GCC_WARN_UNUSED_VARIABLE = YES;
				IPHONEOS_DEPLOYMENT_TARGET = 9.0;
				MTL_ENABLE_DEBUG_INFO = YES;
				ONLY_ACTIVE_ARCH = YES;
				SDKROOT = iphoneos;
			};
			name = Debug;
		};
		0500F1811BC57F9F00BBF94C /* Release */ = {
			isa = XCBuildConfiguration;
			buildSettings = {
				ALWAYS_SEARCH_USER_PATHS = NO;
				CLANG_CXX_LANGUAGE_STANDARD = "gnu++0x";
				CLANG_CXX_LIBRARY = "libc++";
				CLANG_ENABLE_MODULES = YES;
				CLANG_ENABLE_OBJC_ARC = YES;
				CLANG_WARN_BOOL_CONVERSION = YES;
				CLANG_WARN_CONSTANT_CONVERSION = YES;
				CLANG_WARN_DIRECT_OBJC_ISA_USAGE = YES_ERROR;
				CLANG_WARN_EMPTY_BODY = YES;
				CLANG_WARN_ENUM_CONVERSION = YES;
				CLANG_WARN_INT_CONVERSION = YES;
				CLANG_WARN_OBJC_ROOT_CLASS = YES_ERROR;
				CLANG_WARN_UNREACHABLE_CODE = YES;
				CLANG_WARN__DUPLICATE_METHOD_MATCH = YES;
				"CODE_SIGN_IDENTITY[sdk=iphoneos*]" = "iPhone Developer";
				COPY_PHASE_STRIP = NO;
				DEBUG_INFORMATION_FORMAT = "dwarf-with-dsym";
				ENABLE_NS_ASSERTIONS = NO;
				ENABLE_STRICT_OBJC_MSGSEND = YES;
				GCC_C_LANGUAGE_STANDARD = gnu99;
				GCC_NO_COMMON_BLOCKS = YES;
				GCC_WARN_64_TO_32_BIT_CONVERSION = YES;
				GCC_WARN_ABOUT_RETURN_TYPE = YES_ERROR;
				GCC_WARN_UNDECLARED_SELECTOR = YES;
				GCC_WARN_UNINITIALIZED_AUTOS = YES_AGGRESSIVE;
				GCC_WARN_UNUSED_FUNCTION = YES;
				GCC_WARN_UNUSED_VARIABLE = YES;
				IPHONEOS_DEPLOYMENT_TARGET = 9.0;
				MTL_ENABLE_DEBUG_INFO = NO;
				SDKROOT = iphoneos;
				VALIDATE_PRODUCT = YES;
			};
			name = Release;
		};
		0500F1831BC57F9F00BBF94C /* Debug */ = {
			isa = XCBuildConfiguration;
			buildSettings = {
				ASSETCATALOG_COMPILER_APPICON_NAME = AppIcon;
				ASSETCATALOG_COMPILER_LAUNCHIMAGE_NAME = LaunchImage;
				INFOPLIST_FILE = MusicPlayerDemo/Info.plist;
				LD_RUNPATH_SEARCH_PATHS = "$(inherited) @executable_path/Frameworks";
				PRODUCT_BUNDLE_IDENTIFIER = ttx.MusicPlayerDemo;
				PRODUCT_NAME = "$(TARGET_NAME)";
			};
			name = Debug;
		};
		0500F1841BC57F9F00BBF94C /* Release */ = {
			isa = XCBuildConfiguration;
			buildSettings = {
				ASSETCATALOG_COMPILER_APPICON_NAME = AppIcon;
				ASSETCATALOG_COMPILER_LAUNCHIMAGE_NAME = LaunchImage;
				INFOPLIST_FILE = MusicPlayerDemo/Info.plist;
				LD_RUNPATH_SEARCH_PATHS = "$(inherited) @executable_path/Frameworks";
				PRODUCT_BUNDLE_IDENTIFIER = ttx.MusicPlayerDemo;
				PRODUCT_NAME = "$(TARGET_NAME)";
			};
			name = Release;
		};
		0500F1861BC57F9F00BBF94C /* Debug */ = {
			isa = XCBuildConfiguration;
			buildSettings = {
				BUNDLE_LOADER = "$(TEST_HOST)";
				INFOPLIST_FILE = MusicPlayerDemoTests/Info.plist;
				LD_RUNPATH_SEARCH_PATHS = "$(inherited) @executable_path/Frameworks @loader_path/Frameworks";
				PRODUCT_BUNDLE_IDENTIFIER = ttx.MusicPlayerDemoTests;
				PRODUCT_NAME = "$(TARGET_NAME)";
				TEST_HOST = "$(BUILT_PRODUCTS_DIR)/MusicPlayerDemo.app/MusicPlayerDemo";
			};
			name = Debug;
		};
		0500F1871BC57F9F00BBF94C /* Release */ = {
			isa = XCBuildConfiguration;
			buildSettings = {
				BUNDLE_LOADER = "$(TEST_HOST)";
				INFOPLIST_FILE = MusicPlayerDemoTests/Info.plist;
				LD_RUNPATH_SEARCH_PATHS = "$(inherited) @executable_path/Frameworks @loader_path/Frameworks";
				PRODUCT_BUNDLE_IDENTIFIER = ttx.MusicPlayerDemoTests;
				PRODUCT_NAME = "$(TARGET_NAME)";
				TEST_HOST = "$(BUILT_PRODUCTS_DIR)/MusicPlayerDemo.app/MusicPlayerDemo";
			};
			name = Release;
		};
		0500F1891BC57F9F00BBF94C /* Debug */ = {
			isa = XCBuildConfiguration;
			buildSettings = {
				INFOPLIST_FILE = MusicPlayerDemoUITests/Info.plist;
				LD_RUNPATH_SEARCH_PATHS = "$(inherited) @executable_path/Frameworks @loader_path/Frameworks";
				PRODUCT_BUNDLE_IDENTIFIER = ttx.MusicPlayerDemoUITests;
				PRODUCT_NAME = "$(TARGET_NAME)";
				TEST_TARGET_NAME = MusicPlayerDemo;
				USES_XCTRUNNER = YES;
			};
			name = Debug;
		};
		0500F18A1BC57F9F00BBF94C /* Release */ = {
			isa = XCBuildConfiguration;
			buildSettings = {
				INFOPLIST_FILE = MusicPlayerDemoUITests/Info.plist;
				LD_RUNPATH_SEARCH_PATHS = "$(inherited) @executable_path/Frameworks @loader_path/Frameworks";
				PRODUCT_BUNDLE_IDENTIFIER = ttx.MusicPlayerDemoUITests;
				PRODUCT_NAME = "$(TARGET_NAME)";
				TEST_TARGET_NAME = MusicPlayerDemo;
				USES_XCTRUNNER = YES;
			};
			name = Release;
		};
/* End XCBuildConfiguration section */

/* Begin XCConfigurationList section */
		0500F1501BC57F9F00BBF94C /* Build configuration list for PBXProject "MusicPlayerDemo" */ = {
			isa = XCConfigurationList;
			buildConfigurations = (
				0500F1801BC57F9F00BBF94C /* Debug */,
				0500F1811BC57F9F00BBF94C /* Release */,
			);
			defaultConfigurationIsVisible = 0;
			defaultConfigurationName = Release;
		};
		0500F1821BC57F9F00BBF94C /* Build configuration list for PBXNativeTarget "MusicPlayerDemo" */ = {
			isa = XCConfigurationList;
			buildConfigurations = (
				0500F1831BC57F9F00BBF94C /* Debug */,
				0500F1841BC57F9F00BBF94C /* Release */,
			);
			defaultConfigurationIsVisible = 0;
			defaultConfigurationName = Release;
		};
		0500F1851BC57F9F00BBF94C /* Build configuration list for PBXNativeTarget "MusicPlayerDemoTests" */ = {
			isa = XCConfigurationList;
			buildConfigurations = (
				0500F1861BC57F9F00BBF94C /* Debug */,
				0500F1871BC57F9F00BBF94C /* Release */,
			);
			defaultConfigurationIsVisible = 0;
			defaultConfigurationName = Release;
		};
		0500F1881BC57F9F00BBF94C /* Build configuration list for PBXNativeTarget "MusicPlayerDemoUITests" */ = {
			isa = XCConfigurationList;
			buildConfigurations = (
				0500F1891BC57F9F00BBF94C /* Debug */,
				0500F18A1BC57F9F00BBF94C /* Release */,
			);
			defaultConfigurationIsVisible = 0;
			defaultConfigurationName = Release;
		};
/* End XCConfigurationList section */
	};
	rootObject = 0500F14D1BC57F9F00BBF94C /* Project object */;
}
